
Microsoft Visual Studio Solution File, Format Version 12.00
# Visual Studio 14
VisualStudioVersion = 14.0.25420.1
MinimumVisualStudioVersion = 10.0.40219.1
Project("{FAE04EC0-301F-11D3-BF4B-00C04F79EFBC}") = "BMSSender", "BMSSender\BMSSender.csproj", "{F1448B56-3E14-4AB0-B3FA-E9423295C555}"
EndProject
Project("{FAE04EC0-301F-11D3-BF4B-00C04F79EFBC}") = "BMSSender.Tests", "BMSSender.Tests\BMSSender.Tests.csproj", "{21B0E0AB-F581-4E9B-91D1-96818DE1C367}"
EndProject
Global
	GlobalSection(SolutionConfigurationPlatforms) = preSolution
		Debug|Any CPU = Debug|Any CPU
		Release|Any CPU = Release|Any CPU
	EndGlobalSection
	GlobalSection(ProjectConfigurationPlatforms) = postSolution
		{F1448B56-3E14-4AB0-B3FA-E9423295C555}.Debug|Any CPU.ActiveCfg = Debug|Any CPU
		{F1448B56-3E14-4AB0-B3FA-E9423295C555}.Debug|Any CPU.Build.0 = Debug|Any CPU
		{F1448B56-3E14-4AB0-B3FA-E9423295C555}.Release|Any CPU.ActiveCfg = Release|Any CPU
		{F1448B56-3E14-4AB0-B3FA-E9423295C555}.Release|Any CPU.Build.0 = Release|Any CPU
		{21B0E0AB-F581-4E9B-91D1-96818DE1C367}.Debug|Any CPU.ActiveCfg = Debug|Any CPU
		{21B0E0AB-F581-4E9B-91D1-96818DE1C367}.Debug|Any CPU.Build.0 = Debug|Any CPU
		{21B0E0AB-F581-4E9B-91D1-96818DE1C367}.Release|Any CPU.ActiveCfg = Release|Any CPU
		{21B0E0AB-F581-4E9B-91D1-96818DE1C367}.Release|Any CPU.Build.0 = Release|Any CPU
	EndGlobalSection
	GlobalSection(SolutionProperties) = preSolution
		HideSolutionNode = FALSE
	EndGlobalSection
EndGlobal
